
Microsoft Visual Studio Solution File, Format Version 12.00
# Visual Studio 15
VisualStudioVersion = 15.0.27004.2006
MinimumVisualStudioVersion = 10.0.40219.1
Project("{FAE04EC0-301F-11D3-BF4B-00C04F79EFBC}") = "MyExams.Web", "MyExams\MyExams.Web.csproj", "{E7909B54-8F92-473C-B598-A5C517F9B414}"
EndProject
Project("{FAE04EC0-301F-11D3-BF4B-00C04F79EFBC}") = "MyExams.Tests", "MyExams.Tests\MyExams.Tests.csproj", "{2AAEB054-E1B2-45B1-B89B-91ED5FE393B6}"
EndProject
Project("{FAE04EC0-301F-11D3-BF4B-00C04F79EFBC}") = "MyExams.Models", "MyExams.Models\MyExams.Models.csproj", "{9419A86F-132D-44EA-B9F7-44CB9CFE7622}"
EndProject
Project("{FAE04EC0-301F-11D3-BF4B-00C04F79EFBC}") = "MyExams.Database", "MyExams.Database\MyExams.Database.csproj", "{7EA9A702-5D6D-4BC2-8A1F-A80091E923F3}"
EndProject
Project("{FAE04EC0-301F-11D3-BF4B-00C04F79EFBC}") = "MyExams.Services", "MyExams.Services\MyExams.Services.csproj", "{9FED7378-83F5-4134-9408-C1659A4BB117}"
EndProject
Project("{FAE04EC0-301F-11D3-BF4B-00C04F79EFBC}") = "BgTaxi.Web", "..\BgTaxi\BgTaxi\BgTaxi.Web.csproj", "{CC1804C6-ADB0-417A-9423-2C88D81AE895}"
EndProject
Project("{FAE04EC0-301F-11D3-BF4B-00C04F79EFBC}") = "BgTaxi.Models", "..\BgTaxi\BgTaksi.Models\BgTaxi.Models.csproj", "{68A3B102-7C40-4B33-B229-5B579A742D85}"
EndProject
Project("{FAE04EC0-301F-11D3-BF4B-00C04F79EFBC}") = "BgTaxi.Services", "..\BgTaxi\BgTaxi.Services\BgTaxi.Services.csproj", "{F286A747-C1DE-429F-8E97-245AC5C6706A}"
EndProject
Project("{FAE04EC0-301F-11D3-BF4B-00C04F79EFBC}") = "BgTaxi.PlacesAPI", "..\BgTaxi\BgTaxi.PlacesAPI\BgTaxi.PlacesAPI.csproj", "{C2EB38CE-5041-4F32-865E-96CA3DA7EE76}"
EndProject
Project("{FAE04EC0-301F-11D3-BF4B-00C04F79EFBC}") = "BgTaxi.Tests", "..\BgTaxi\BgTaxi.Tests\BgTaxi.Tests.csproj", "{9F6B0FF9-C3CF-4CD1-BFC8-C1F696091D53}"
EndProject
Global
	GlobalSection(SolutionConfigurationPlatforms) = preSolution
		Debug|Any CPU = Debug|Any CPU
		Release|Any CPU = Release|Any CPU
	EndGlobalSection
	GlobalSection(ProjectConfigurationPlatforms) = postSolution
		{E7909B54-8F92-473C-B598-A5C517F9B414}.Debug|Any CPU.ActiveCfg = Debug|Any CPU
		{E7909B54-8F92-473C-B598-A5C517F9B414}.Debug|Any CPU.Build.0 = Debug|Any CPU
		{E7909B54-8F92-473C-B598-A5C517F9B414}.Release|Any CPU.ActiveCfg = Release|Any CPU
		{E7909B54-8F92-473C-B598-A5C517F9B414}.Release|Any CPU.Build.0 = Release|Any CPU
		{2AAEB054-E1B2-45B1-B89B-91ED5FE393B6}.Debug|Any CPU.ActiveCfg = Debug|Any CPU
		{2AAEB054-E1B2-45B1-B89B-91ED5FE393B6}.Debug|Any CPU.Build.0 = Debug|Any CPU
		{2AAEB054-E1B2-45B1-B89B-91ED5FE393B6}.Release|Any CPU.ActiveCfg = Release|Any CPU
		{2AAEB054-E1B2-45B1-B89B-91ED5FE393B6}.Release|Any CPU.Build.0 = Release|Any CPU
		{9419A86F-132D-44EA-B9F7-44CB9CFE7622}.Debug|Any CPU.ActiveCfg = Debug|Any CPU
		{9419A86F-132D-44EA-B9F7-44CB9CFE7622}.Debug|Any CPU.Build.0 = Debug|Any CPU
		{9419A86F-132D-44EA-B9F7-44CB9CFE7622}.Release|Any CPU.ActiveCfg = Release|Any CPU
		{9419A86F-132D-44EA-B9F7-44CB9CFE7622}.Release|Any CPU.Build.0 = Release|Any CPU
		{7EA9A702-5D6D-4BC2-8A1F-A80091E923F3}.Debug|Any CPU.ActiveCfg = Debug|Any CPU
		{7EA9A702-5D6D-4BC2-8A1F-A80091E923F3}.Debug|Any CPU.Build.0 = Debug|Any CPU
		{7EA9A702-5D6D-4BC2-8A1F-A80091E923F3}.Release|Any CPU.ActiveCfg = Release|Any CPU
		{7EA9A702-5D6D-4BC2-8A1F-A80091E923F3}.Release|Any CPU.Build.0 = Release|Any CPU
		{9FED7378-83F5-4134-9408-C1659A4BB117}.Debug|Any CPU.ActiveCfg = Debug|Any CPU
		{9FED7378-83F5-4134-9408-C1659A4BB117}.Debug|Any CPU.Build.0 = Debug|Any CPU
		{9FED7378-83F5-4134-9408-C1659A4BB117}.Release|Any CPU.ActiveCfg = Release|Any CPU
		{9FED7378-83F5-4134-9408-C1659A4BB117}.Release|Any CPU.Build.0 = Release|Any CPU
		{CC1804C6-ADB0-417A-9423-2C88D81AE895}.Debug|Any CPU.ActiveCfg = Debug|Any CPU
		{CC1804C6-ADB0-417A-9423-2C88D81AE895}.Debug|Any CPU.Build.0 = Debug|Any CPU
		{CC1804C6-ADB0-417A-9423-2C88D81AE895}.Release|Any CPU.ActiveCfg = Release|Any CPU
		{CC1804C6-ADB0-417A-9423-2C88D81AE895}.Release|Any CPU.Build.0 = Release|Any CPU
		{68A3B102-7C40-4B33-B229-5B579A742D85}.Debug|Any CPU.ActiveCfg = Debug|Any CPU
		{68A3B102-7C40-4B33-B229-5B579A742D85}.Debug|Any CPU.Build.0 = Debug|Any CPU
		{68A3B102-7C40-4B33-B229-5B579A742D85}.Release|Any CPU.ActiveCfg = Release|Any CPU
		{68A3B102-7C40-4B33-B229-5B579A742D85}.Release|Any CPU.Build.0 = Release|Any CPU
		{F286A747-C1DE-429F-8E97-245AC5C6706A}.Debug|Any CPU.ActiveCfg = Debug|Any CPU
		{F286A747-C1DE-429F-8E97-245AC5C6706A}.Debug|Any CPU.Build.0 = Debug|Any CPU
		{F286A747-C1DE-429F-8E97-245AC5C6706A}.Release|Any CPU.ActiveCfg = Release|Any CPU
		{F286A747-C1DE-429F-8E97-245AC5C6706A}.Release|Any CPU.Build.0 = Release|Any CPU
		{C2EB38CE-5041-4F32-865E-96CA3DA7EE76}.Debug|Any CPU.ActiveCfg = Debug|Any CPU
		{C2EB38CE-5041-4F32-865E-96CA3DA7EE76}.Debug|Any CPU.Build.0 = Debug|Any CPU
		{C2EB38CE-5041-4F32-865E-96CA3DA7EE76}.Release|Any CPU.ActiveCfg = Release|Any CPU
		{C2EB38CE-5041-4F32-865E-96CA3DA7EE76}.Release|Any CPU.Build.0 = Release|Any CPU
		{9F6B0FF9-C3CF-4CD1-BFC8-C1F696091D53}.Debug|Any CPU.ActiveCfg = Debug|Any CPU
		{9F6B0FF9-C3CF-4CD1-BFC8-C1F696091D53}.Debug|Any CPU.Build.0 = Debug|Any CPU
		{9F6B0FF9-C3CF-4CD1-BFC8-C1F696091D53}.Release|Any CPU.ActiveCfg = Release|Any CPU
		{9F6B0FF9-C3CF-4CD1-BFC8-C1F696091D53}.Release|Any CPU.Build.0 = Release|Any CPU
	EndGlobalSection
	GlobalSection(SolutionProperties) = preSolution
		HideSolutionNode = FALSE
	EndGlobalSection
	GlobalSection(ExtensibilityGlobals) = postSolution
		SolutionGuid = {EB58E2DD-E03C-48A2-8CAC-853C913BA70A}
	EndGlobalSection
EndGlobal
